
Microsoft Visual Studio Solution File, Format Version 12.00
# Visual Studio Version 16
VisualStudioVersion = 16.0.29709.97
MinimumVisualStudioVersion = 10.0.40219.1
Project("{FAE04EC0-301F-11D3-BF4B-00C04F79EFBC}") = "ElementArray", "ElementArray.csproj", "{4389221F-AF45-4AEE-839F-B95C7F68E570}"
EndProject
Global
	GlobalSection(SolutionConfigurationPlatforms) = preSolution
		Debug|Any CPU = Debug|Any CPU
		Release|Any CPU = Release|Any CPU
	EndGlobalSection
	GlobalSection(ProjectConfigurationPlatforms) = postSolution
		{4389221F-AF45-4AEE-839F-B95C7F68E570}.Debug|Any CPU.ActiveCfg = Debug|Any CPU
		{4389221F-AF45-4AEE-839F-B95C7F68E570}.Debug|Any CPU.Build.0 = Debug|Any CPU
		{4389221F-AF45-4AEE-839F-B95C7F68E570}.Release|Any CPU.ActiveCfg = Release|Any CPU
		{4389221F-AF45-4AEE-839F-B95C7F68E570}.Release|Any CPU.Build.0 = Release|Any CPU
	EndGlobalSection
	GlobalSection(SolutionProperties) = preSolution
		HideSolutionNode = FALSE
	EndGlobalSection
	GlobalSection(ExtensibilityGlobals) = postSolution
		SolutionGuid = {16C738CF-2CA3-4279-9B53-21A6EE62ECD5}
	EndGlobalSection
EndGlobal
